<?xml version="1.0" encoding="utf-8"?>
<Project ToolsVersion="4.0" xmlns="http://schemas.microsoft.com/developer/msbuild/2003">
  <ItemGroup>
    <Filter Include="Source Files">
      <UniqueIdentifier>{4FC737F1-C7A5-4376-A066-2A32D752A2FF}</UniqueIdentifier>
      <Extensions>cpp;c;cc;cxx;def;odl;idl;hpj;bat;asm;asmx</Extensions>
    </Filter>
    <Filter Include="Header Files">
      <UniqueIdentifier>{93995380-89BD-4b04-88EB-625FBE52EBFB}</UniqueIdentifier>
      <Extensions>h;hh;hpp;hxx;hm;inl;inc;xsd</Extensions>
    </Filter>
    <Filter Include="Resource Files">
      <UniqueIdentifier>{67DA6AB6-F800-4c08-8B7A-83BB121AAD01}</UniqueIdentifier>
      <Extensions>rc;ico;cur;bmp;dlg;rc2;rct;bin;rgs;gif;jpg;jpeg;jpe;resx;tiff;tif;png;wav;mfcribbon-ms</Extensions>
    </Filter>
    <Filter Include="Header Files\scenes">
      <UniqueIdentifier>{340bf114-9160-4420-84fd-2ec8394c4107}</UniqueIdentifier>
    </Filter>
    <Filter Include="Source Files\scenes">
      <UniqueIdentifier>{684e3590-3836-426f-8701-84657bb19687}</UniqueIdentifier>
    </Filter>
    <Filter Include="Header Files\game">
      <UniqueIdentifier>{34960471-92dc-470a-9e27-c36c6f387620}</UniqueIdentifier>
    </Filter>
    <Filter Include="Source Files\game">
      <UniqueIdentifier>{60a38daa-290c-4109-81e2-256b5ce22a4f}</UniqueIdentifier>
    </Filter>
  </ItemGroup>
  <ItemGroup>
    <ClCompile Include="src\main.cxx">
      <Filter>Source Files</Filter>
    </ClCompile>
    <ClCompile Include="src\game.cxx">
      <Filter>Source Files</Filter>
    </ClCompile>
    <ClCompile Include="src\scenes\scene.cxx">
      <Filter>Source Files\scenes</Filter>
    </ClCompile>
    <ClCompile Include="src\scenes\scene_title.cxx">
      <Filter>Source Files\scenes</Filter>
    </ClCompile>
    <ClCompile Include="src\scenes\scene_lost.cxx">
      <Filter>Source Files\scenes</Filter>
    </ClCompile>
    <ClCompile Include="src\scenes\scene_stage.cxx">
      <Filter>Source Files\scenes</Filter>
    </ClCompile>
    <ClCompile Include="src\scenes\scene_win.cxx">
      <Filter>Source Files\scenes</Filter>
    </ClCompile>
    <ClCompile Include="src\scenes\scene_play.cxx">
      <Filter>Source Files\scenes</Filter>
    </ClCompile>
    <ClCompile Include="src\game\arena.cxx">
      <Filter>Source Files\game</Filter>
    </ClCompile>
    <ClCompile Include="src\game\map.cxx">
      <Filter>Source Files\game</Filter>
    </ClCompile>
    <ClCompile Include="src\animation.cxx">
      <Filter>Source Files</Filter>
    </ClCompile>
    <ClCompile Include="src\sprite.cxx">
      <Filter>Source Files</Filter>
    </ClCompile>
    <ClCompile Include="src\menu.cxx">
      <Filter>Source Files</Filter>
    </ClCompile>
    <ClCompile Include="src\drawnum.cxx">
      <Filter>Source Files</Filter>
    </ClCompile>
    <ClCompile Include="src\game\movable.cxx">
      <Filter>Source Files\game</Filter>
    </ClCompile>
    <ClCompile Include="src\game\tank.cxx">
      <Filter>Source Files\game</Filter>
    </ClCompile>
    <ClCompile Include="src\game\tankhero.cxx">
      <Filter>Source Files\game</Filter>
    </ClCompile>
    <ClCompile Include="src\game\bullet.cxx">
      <Filter>Source Files\game</Filter>
    </ClCompile>
    <ClCompile Include="src\game\item.cxx">
      <Filter>Source Files\game</Filter>
    </ClCompile>
  </ItemGroup>
  <ItemGroup>
    <ClInclude Include="src\game.hxx">
      <Filter>Header Files</Filter>
    </ClInclude>
    <ClInclude Include="src\scenes\scene.hxx">
      <Filter>Header Files\scenes</Filter>
    </ClInclude>
    <ClInclude Include="src\scenes\scene_title.hxx">
      <Filter>Header Files\scenes</Filter>
    </ClInclude>
    <ClInclude Include="src\scenes\scene_lost.hxx">
      <Filter>Header Files\scenes</Filter>
    </ClInclude>
    <ClInclude Include="src\scenes\scene_stage.hxx">
      <Filter>Header Files\scenes</Filter>
    </ClInclude>
    <ClInclude Include="src\scenes\scene_win.hxx">
      <Filter>Header Files\scenes</Filter>
    </ClInclude>
    <ClInclude Include="src\scenes\scene_play.hxx">
      <Filter>Header Files\scenes</Filter>
    </ClInclude>
    <ClInclude Include="src\game\arena.hxx">
      <Filter>Header Files\game</Filter>
    </ClInclude>
    <ClInclude Include="src\game\common.hxx">
      <Filter>Header Files\game</Filter>
    </ClInclude>
    <ClInclude Include="src\game\map.hxx">
      <Filter>Header Files\game</Filter>
    </ClInclude>
    <ClInclude Include="src\animation.hxx">
      <Filter>Header Files</Filter>
    </ClInclude>
    <ClInclude Include="src\sprite.hxx">
      <Filter>Header Files</Filter>
    </ClInclude>
    <ClInclude Include="src\menu.hxx">
      <Filter>Header Files</Filter>
    </ClInclude>
    <ClInclude Include="src\drawnum.hxx">
      <Filter>Header Files</Filter>
    </ClInclude>
    <ClInclude Include="src\game\movable.hxx">
      <Filter>Header Files\game</Filter>
    </ClInclude>
    <ClInclude Include="src\game\tank.hxx">
      <Filter>Header Files\game</Filter>
    </ClInclude>
    <ClInclude Include="src\game\tankhero.hxx">
      <Filter>Header Files\game</Filter>
    </ClInclude>
    <ClInclude Include="src\game\bullet.hxx">
      <Filter>Header Files\game</Filter>
    </ClInclude>
    <ClInclude Include="src\game\item.hxx">
      <Filter>Header Files\game</Filter>
    </ClInclude>
  </ItemGroup>
</Project>